// !$*UTF8*$!
{
	archiveVersion = 1;
	classes = {
	};
	objectVersion = 56;
	objects = {

/* Begin PBXBuildFile section */
		4BAAC00D2BDA3FC6003A1D04 /* ViewController.swift in Sources */ = {isa = PBXBuildFile; fileRef = 4BAAC00C2BDA3FC6003A1D04 /* ViewController.swift */; };
		4BAAC0102BDA461B003A1D04 /* Lottie in Frameworks */ = {isa = PBXBuildFile; productRef = 4BAAC00F2BDA461B003A1D04 /* Lottie */; };
		4BBC88FD2BD8FF9D0053DBAC /* JeVisApp.swift in Sources */ = {isa = PBXBuildFile; fileRef = 4BBC88FC2BD8FF9D0053DBAC /* JeVisApp.swift */; };
		4BBC88FF2BD8FF9D0053DBAC /* ContentView.swift in Sources */ = {isa = PBXBuildFile; fileRef = 4BBC88FE2BD8FF9D0053DBAC /* ContentView.swift */; };
		4BBC89012BD8FF9E0053DBAC /* Assets.xcassets in Resources */ = {isa = PBXBuildFile; fileRef = 4BBC89002BD8FF9E0053DBAC /* Assets.xcassets */; };
		4BBC890E2BD8FF9E0053DBAC /* JeVisTests.swift in Sources */ = {isa = PBXBuildFile; fileRef = 4BBC890D2BD8FF9E0053DBAC /* JeVisTests.swift */; };
		4BBC89182BD8FF9E0053DBAC /* JeVisUITests.swift in Sources */ = {isa = PBXBuildFile; fileRef = 4BBC89172BD8FF9E0053DBAC /* JeVisUITests.swift */; };
		4BBC891A2BD8FF9E0053DBAC /* JeVisUITestsLaunchTests.swift in Sources */ = {isa = PBXBuildFile; fileRef = 4BBC89192BD8FF9E0053DBAC /* JeVisUITestsLaunchTests.swift */; };
		4BBC89272BD901530053DBAC /* ImagePicker.swift in Sources */ = {isa = PBXBuildFile; fileRef = 4BBC89262BD901530053DBAC /* ImagePicker.swift */; };
/* End PBXBuildFile section */

/* Begin PBXContainerItemProxy section */
		4BBC890A2BD8FF9E0053DBAC /* PBXContainerItemProxy */ = {
			isa = PBXContainerItemProxy;
			containerPortal = 4BBC88F12BD8FF9D0053DBAC /* Project object */;
			proxyType = 1;
			remoteGlobalIDString = 4BBC88F82BD8FF9D0053DBAC;
			remoteInfo = JeVis;
		};
		4BBC89142BD8FF9E0053DBAC /* PBXContainerItemProxy */ = {
			isa = PBXContainerItemProxy;
			containerPortal = 4BBC88F12BD8FF9D0053DBAC /* Project object */;
			proxyType = 1;
			remoteGlobalIDString = 4BBC88F82BD8FF9D0053DBAC;
			remoteInfo = JeVis;
		};
/* End PBXContainerItemProxy section */

/* Begin PBXFileReference section */
		4BAAC00C2BDA3FC6003A1D04 /* ViewController.swift */ = {isa = PBXFileReference; lastKnownFileType = sourcecode.swift; path = ViewController.swift; sourceTree = "<group>"; };
		4BBC88F92BD8FF9D0053DBAC /* JeVis.app */ = {isa = PBXFileReference; explicitFileType = wrapper.application; includeInIndex = 0; path = JeVis.app; sourceTree = BUILT_PRODUCTS_DIR; };
		4BBC88FC2BD8FF9D0053DBAC /* JeVisApp.swift */ = {isa = PBXFileReference; lastKnownFileType = sourcecode.swift; path = JeVisApp.swift; sourceTree = "<group>"; };
		4BBC88FE2BD8FF9D0053DBAC /* ContentView.swift */ = {isa = PBXFileReference; lastKnownFileType = sourcecode.swift; path = ContentView.swift; sourceTree = "<group>"; };
		4BBC89002BD8FF9E0053DBAC /* Assets.xcassets */ = {isa = PBXFileReference; lastKnownFileType = folder.assetcatalog; path = Assets.xcassets; sourceTree = "<group>"; };
		4BBC89092BD8FF9E0053DBAC /* JeVisTests.xctest */ = {isa = PBXFileReference; explicitFileType = wrapper.cfbundle; includeInIndex = 0; path = JeVisTests.xctest; sourceTree = BUILT_PRODUCTS_DIR; };
		4BBC890D2BD8FF9E0053DBAC /* JeVisTests.swift */ = {isa = PBXFileReference; lastKnownFileType = sourcecode.swift; path = JeVisTests.swift; sourceTree = "<group>"; };
		4BBC89132BD8FF9E0053DBAC /* JeVisUITests.xctest */ = {isa = PBXFileReference; explicitFileType = wrapper.cfbundle; includeInIndex = 0; path = JeVisUITests.xctest; sourceTree = BUILT_PRODUCTS_DIR; };
		4BBC89172BD8FF9E0053DBAC /* JeVisUITests.swift */ = {isa = PBXFileReference; lastKnownFileType = sourcecode.swift; path = JeVisUITests.swift; sourceTree = "<group>"; };
		4BBC89192BD8FF9E0053DBAC /* JeVisUITestsLaunchTests.swift */ = {isa = PBXFileReference; lastKnownFileType = sourcecode.swift; path = JeVisUITestsLaunchTests.swift; sourceTree = "<group>"; };
		4BBC89262BD901530053DBAC /* ImagePicker.swift */ = {isa = PBXFileReference; lastKnownFileType = sourcecode.swift; path = ImagePicker.swift; sourceTree = "<group>"; };
/* End PBXFileReference section */

/* Begin PBXFrameworksBuildPhase section */
		4BBC88F62BD8FF9D0053DBAC /* Frameworks */ = {
			isa = PBXFrameworksBuildPhase;
			buildActionMask = 2147483647;
			files = (
				4BAAC0102BDA461B003A1D04 /* Lottie in Frameworks */,
			);
			runOnlyForDeploymentPostprocessing = 0;
		};
		4BBC89062BD8FF9E0053DBAC /* Frameworks */ = {
			isa = PBXFrameworksBuildPhase;
			buildActionMask = 2147483647;
			files = (
			);
			runOnlyForDeploymentPostprocessing = 0;
		};
		4BBC89102BD8FF9E0053DBAC /* Frameworks */ = {
			isa = PBXFrameworksBuildPhase;
			buildActionMask = 2147483647;
			files = (
			);
			runOnlyForDeploymentPostprocessing = 0;
		};
/* End PBXFrameworksBuildPhase section */

/* Begin PBXGroup section */
		4BBC88F02BD8FF9D0053DBAC = {
			isa = PBXGroup;
			children = (
				4BBC88FB2BD8FF9D0053DBAC /* JeVis */,
				4BBC890C2BD8FF9E0053DBAC /* JeVisTests */,
				4BBC89162BD8FF9E0053DBAC /* JeVisUITests */,
				4BBC88FA2BD8FF9D0053DBAC /* Products */,
			);
			sourceTree = "<group>";
		};
		4BBC88FA2BD8FF9D0053DBAC /* Products */ = {
			isa = PBXGroup;
			children = (
				4BBC88F92BD8FF9D0053DBAC /* JeVis.app */,
				4BBC89092BD8FF9E0053DBAC /* JeVisTests.xctest */,
				4BBC89132BD8FF9E0053DBAC /* JeVisUITests.xctest */,
			);
			name = Products;
			sourceTree = "<group>";
		};
		4BBC88FB2BD8FF9D0053DBAC /* JeVis */ = {
			isa = PBXGroup;
			children = (
				4BBC88FC2BD8FF9D0053DBAC /* JeVisApp.swift */,
				4BBC88FE2BD8FF9D0053DBAC /* ContentView.swift */,
				4BBC89262BD901530053DBAC /* ImagePicker.swift */,
				4BBC89002BD8FF9E0053DBAC /* Assets.xcassets */,
				4BAAC00C2BDA3FC6003A1D04 /* ViewController.swift */,
			);
			path = JeVis;
			sourceTree = "<group>";
		};
		4BBC890C2BD8FF9E0053DBAC /* JeVisTests */ = {
			isa = PBXGroup;
			children = (
				4BBC890D2BD8FF9E0053DBAC /* JeVisTests.swift */,
			);
			path = JeVisTests;
			sourceTree = "<group>";
		};
		4BBC89162BD8FF9E0053DBAC /* JeVisUITests */ = {
			isa = PBXGroup;
			children = (
				4BBC89172BD8FF9E0053DBAC /* JeVisUITests.swift */,
				4BBC89192BD8FF9E0053DBAC /* JeVisUITestsLaunchTests.swift */,
			);
			path = JeVisUITests;
			sourceTree = "<group>";
		};
/* End PBXGroup section */

/* Begin PBXNativeTarget section */
		4BBC88F82BD8FF9D0053DBAC /* JeVis */ = {
			isa = PBXNativeTarget;
			buildConfigurationList = 4BBC891D2BD8FF9E0053DBAC /* Build configuration list for PBXNativeTarget "JeVis" */;
			buildPhases = (
				4BBC88F52BD8FF9D0053DBAC /* Sources */,
				4BBC88F62BD8FF9D0053DBAC /* Frameworks */,
				4BBC88F72BD8FF9D0053DBAC /* Resources */,
			);
			buildRules = (
			);
			dependencies = (
			);
			name = JeVis;
			packageProductDependencies = (
				4BAAC00F2BDA461B003A1D04 /* Lottie */,
			);
			productName = JeVis;
			productReference = 4BBC88F92BD8FF9D0053DBAC /* JeVis.app */;
			productType = "com.apple.product-type.application";
		};
		4BBC89082BD8FF9E0053DBAC /* JeVisTests */ = {
			isa = PBXNativeTarget;
			buildConfigurationList = 4BBC89202BD8FF9E0053DBAC /* Build configuration list for PBXNativeTarget "JeVisTests" */;
			buildPhases = (
				4BBC89052BD8FF9E0053DBAC /* Sources */,
				4BBC89062BD8FF9E0053DBAC /* Frameworks */,
				4BBC89072BD8FF9E0053DBAC /* Resources */,
			);
			buildRules = (
			);
			dependencies = (
				4BBC890B2BD8FF9E0053DBAC /* PBXTargetDependency */,
			);
			name = JeVisTests;
			productName = JeVisTests;
			productReference = 4BBC89092BD8FF9E0053DBAC /* JeVisTests.xctest */;
			productType = "com.apple.product-type.bundle.unit-test";
		};
		4BBC89122BD8FF9E0053DBAC /* JeVisUITests */ = {
			isa = PBXNativeTarget;
			buildConfigurationList = 4BBC89232BD8FF9E0053DBAC /* Build configuration list for PBXNativeTarget "JeVisUITests" */;
			buildPhases = (
				4BBC890F2BD8FF9E0053DBAC /* Sources */,
				4BBC89102BD8FF9E0053DBAC /* Frameworks */,
				4BBC89112BD8FF9E0053DBAC /* Resources */,
			);
			buildRules = (
			);
			dependencies = (
				4BBC89152BD8FF9E0053DBAC /* PBXTargetDependency */,
			);
			name = JeVisUITests;
			productName = JeVisUITests;
			productReference = 4BBC89132BD8FF9E0053DBAC /* JeVisUITests.xctest */;
			productType = "com.apple.product-type.bundle.ui-testing";
		};
/* End PBXNativeTarget section */

/* Begin PBXProject section */
		4BBC88F12BD8FF9D0053DBAC /* Project object */ = {
			isa = PBXProject;
			attributes = {
				BuildIndependentTargetsInParallel = 1;
				LastSwiftUpdateCheck = 1520;
				LastUpgradeCheck = 1520;
				TargetAttributes = {
					4BBC88F82BD8FF9D0053DBAC = {
						CreatedOnToolsVersion = 15.2;
					};
					4BBC89082BD8FF9E0053DBAC = {
						CreatedOnToolsVersion = 15.2;
						TestTargetID = 4BBC88F82BD8FF9D0053DBAC;
					};
					4BBC89122BD8FF9E0053DBAC = {
						CreatedOnToolsVersion = 15.2;
						TestTargetID = 4BBC88F82BD8FF9D0053DBAC;
					};
				};
			};
			buildConfigurationList = 4BBC88F42BD8FF9D0053DBAC /* Build configuration list for PBXProject "JeVis" */;
			compatibilityVersion = "Xcode 14.0";
			developmentRegion = en;
			hasScannedForEncodings = 0;
			knownRegions = (
				en,
				Base,
			);
			mainGroup = 4BBC88F02BD8FF9D0053DBAC;
			packageReferences = (
				4BAAC00E2BDA461B003A1D04 /* XCRemoteSwiftPackageReference "lottie-ios" */,
			);
			productRefGroup = 4BBC88FA2BD8FF9D0053DBAC /* Products */;
			projectDirPath = "";
			projectRoot = "";
			targets = (
				4BBC88F82BD8FF9D0053DBAC /* JeVis */,
				4BBC89082BD8FF9E0053DBAC /* JeVisTests */,
				4BBC89122BD8FF9E0053DBAC /* JeVisUITests */,
			);
		};
/* End PBXProject section */

/* Begin PBXResourcesBuildPhase section */
		4BBC88F72BD8FF9D0053DBAC /* Resources */ = {
			isa = PBXResourcesBuildPhase;
			buildActionMask = 2147483647;
			files = (
				4BBC89012BD8FF9E0053DBAC /* Assets.xcassets in Resources */,
			);
			runOnlyForDeploymentPostprocessing = 0;
		};
		4BBC89072BD8FF9E0053DBAC /* Resources */ = {
			isa = PBXResourcesBuildPhase;
			buildActionMask = 2147483647;
			files = (
			);
			runOnlyForDeploymentPostprocessing = 0;
		};
		4BBC89112BD8FF9E0053DBAC /* Resources */ = {
			isa = PBXResourcesBuildPhase;
			buildActionMask = 2147483647;
			files = (
			);
			runOnlyForDeploymentPostprocessing = 0;
		};
/* End PBXResourcesBuildPhase section */

/* Begin PBXSourcesBuildPhase section */
		4BBC88F52BD8FF9D0053DBAC /* Sources */ = {
			isa = PBXSourcesBuildPhase;
			buildActionMask = 2147483647;
			files = (
				4BBC89272BD901530053DBAC /* ImagePicker.swift in Sources */,
				4BBC88FF2BD8FF9D0053DBAC /* ContentView.swift in Sources */,
				4BAAC00D2BDA3FC6003A1D04 /* ViewController.swift in Sources */,
				4BBC88FD2BD8FF9D0053DBAC /* JeVisApp.swift in Sources */,
			);
			runOnlyForDeploymentPostprocessing = 0;
		};
		4BBC89052BD8FF9E0053DBAC /* Sources */ = {
			isa = PBXSourcesBuildPhase;
			buildActionMask = 2147483647;
			files = (
				4BBC890E2BD8FF9E0053DBAC /* JeVisTests.swift in Sources */,
			);
			runOnlyForDeploymentPostprocessing = 0;
		};
		4BBC890F2BD8FF9E0053DBAC /* Sources */ = {
			isa = PBXSourcesBuildPhase;
			buildActionMask = 2147483647;
			files = (
				4BBC891A2BD8FF9E0053DBAC /* JeVisUITestsLaunchTests.swift in Sources */,
				4BBC89182BD8FF9E0053DBAC /* JeVisUITests.swift in Sources */,
			);
			runOnlyForDeploymentPostprocessing = 0;
		};
/* End PBXSourcesBuildPhase section */

/* Begin PBXTargetDependency section */
		4BBC890B2BD8FF9E0053DBAC /* PBXTargetDependency */ = {
			isa = PBXTargetDependency;
			target = 4BBC88F82BD8FF9D0053DBAC /* JeVis */;
			targetProxy = 4BBC890A2BD8FF9E0053DBAC /* PBXContainerItemProxy */;
		};
		4BBC89152BD8FF9E0053DBAC /* PBXTargetDependency */ = {
			isa = PBXTargetDependency;
			target = 4BBC88F82BD8FF9D0053DBAC /* JeVis */;
			targetProxy = 4BBC89142BD8FF9E0053DBAC /* PBXContainerItemProxy */;
		};
/* End PBXTargetDependency section */

/* Begin XCBuildConfiguration section */
		4BBC891B2BD8FF9E0053DBAC /* Debug */ = {
			isa = XCBuildConfiguration;
			buildSettings = {
				ALWAYS_SEARCH_USER_PATHS = NO;
				ASSETCATALOG_COMPILER_GENERATE_SWIFT_ASSET_SYMBOL_EXTENSIONS = YES;
				CLANG_ANALYZER_NONNULL = YES;
				CLANG_ANALYZER_NUMBER_OBJECT_CONVERSION = YES_AGGRESSIVE;
				CLANG_CXX_LANGUAGE_STANDARD = "gnu++20";
				CLANG_ENABLE_MODULES = YES;
				CLANG_ENABLE_OBJC_ARC = YES;
				CLANG_ENABLE_OBJC_WEAK = YES;
				CLANG_WARN_BLOCK_CAPTURE_AUTORELEASING = YES;
				CLANG_WARN_BOOL_CONVERSION = YES;
				CLANG_WARN_COMMA = YES;
				CLANG_WARN_CONSTANT_CONVERSION = YES;
				CLANG_WARN_DEPRECATED_OBJC_IMPLEMENTATIONS = YES;
				CLANG_WARN_DIRECT_OBJC_ISA_USAGE = YES_ERROR;
				CLANG_WARN_DOCUMENTATION_COMMENTS = YES;
				CLANG_WARN_EMPTY_BODY = YES;
				CLANG_WARN_ENUM_CONVERSION = YES;
				CLANG_WARN_INFINITE_RECURSION = YES;
				CLANG_WARN_INT_CONVERSION = YES;
				CLANG_WARN_NON_LITERAL_NULL_CONVERSION = YES;
				CLANG_WARN_OBJC_IMPLICIT_RETAIN_SELF = YES;
				CLANG_WARN_OBJC_LITERAL_CONVERSION = YES;
				CLANG_WARN_OBJC_ROOT_CLASS = YES_ERROR;
				CLANG_WARN_QUOTED_INCLUDE_IN_FRAMEWORK_HEADER = YES;
				CLANG_WARN_RANGE_LOOP_ANALYSIS = YES;
				CLANG_WARN_STRICT_PROTOTYPES = YES;
				CLANG_WARN_SUSPICIOUS_MOVE = YES;
				CLANG_WARN_UNGUARDED_AVAILABILITY = YES_AGGRESSIVE;
				CLANG_WARN_UNREACHABLE_CODE = YES;
				CLANG_WARN__DUPLICATE_METHOD_MATCH = YES;
				COPY_PHASE_STRIP = NO;
				DEBUG_INFORMATION_FORMAT = dwarf;
				ENABLE_STRICT_OBJC_MSGSEND = YES;
				ENABLE_TESTABILITY = YES;
				ENABLE_USER_SCRIPT_SANDBOXING = YES;
				GCC_C_LANGUAGE_STANDARD = gnu17;
				GCC_DYNAMIC_NO_PIC = NO;
				GCC_NO_COMMON_BLOCKS = YES;
				GCC_OPTIMIZATION_LEVEL = 0;
				GCC_PREPROCESSOR_DEFINITIONS = (
					"DEBUG=1",
					"$(inherited)",
				);
				GCC_WARN_64_TO_32_BIT_CONVERSION = YES;
				GCC_WARN_ABOUT_RETURN_TYPE = YES_ERROR;
				GCC_WARN_UNDECLARED_SELECTOR = YES;
				GCC_WARN_UNINITIALIZED_AUTOS = YES_AGGRESSIVE;
				GCC_WARN_UNUSED_FUNCTION = YES;
				GCC_WARN_UNUSED_VARIABLE = YES;
				IPHONEOS_DEPLOYMENT_TARGET = 17.2;
				LOCALIZATION_PREFERS_STRING_CATALOGS = YES;
				MTL_ENABLE_DEBUG_INFO = INCLUDE_SOURCE;
				MTL_FAST_MATH = YES;
				ONLY_ACTIVE_ARCH = YES;
				SDKROOT = iphoneos;
				SWIFT_ACTIVE_COMPILATION_CONDITIONS = "DEBUG $(inherited)";
				SWIFT_OPTIMIZATION_LEVEL = "-Onone";
			};
			name = Debug;
		};
		4BBC891C2BD8FF9E0053DBAC /* Release */ = {
			isa = XCBuildConfiguration;
			buildSettings = {
				ALWAYS_SEARCH_USER_PATHS = NO;
				ASSETCATALOG_COMPILER_GENERATE_SWIFT_ASSET_SYMBOL_EXTENSIONS = YES;
				CLANG_ANALYZER_NONNULL = YES;
				CLANG_ANALYZER_NUMBER_OBJECT_CONVERSION = YES_AGGRESSIVE;
				CLANG_CXX_LANGUAGE_STANDARD = "gnu++20";
				CLANG_ENABLE_MODULES = YES;
				CLANG_ENABLE_OBJC_ARC = YES;
				CLANG_ENABLE_OBJC_WEAK = YES;
				CLANG_WARN_BLOCK_CAPTURE_AUTORELEASING = YES;
				CLANG_WARN_BOOL_CONVERSION = YES;
				CLANG_WARN_COMMA = YES;
				CLANG_WARN_CONSTANT_CONVERSION = YES;
				CLANG_WARN_DEPRECATED_OBJC_IMPLEMENTATIONS = YES;
				CLANG_WARN_DIRECT_OBJC_ISA_USAGE = YES_ERROR;
				CLANG_WARN_DOCUMENTATION_COMMENTS = YES;
				CLANG_WARN_EMPTY_BODY = YES;
				CLANG_WARN_ENUM_CONVERSION = YES;
				CLANG_WARN_INFINITE_RECURSION = YES;
				CLANG_WARN_INT_CONVERSION = YES;
				CLANG_WARN_NON_LITERAL_NULL_CONVERSION = YES;
				CLANG_WARN_OBJC_IMPLICIT_RETAIN_SELF = YES;
				CLANG_WARN_OBJC_LITERAL_CONVERSION = YES;
				CLANG_WARN_OBJC_ROOT_CLASS = YES_ERROR;
				CLANG_WARN_QUOTED_INCLUDE_IN_FRAMEWORK_HEADER = YES;
				CLANG_WARN_RANGE_LOOP_ANALYSIS = YES;
				CLANG_WARN_STRICT_PROTOTYPES = YES;
				CLANG_WARN_SUSPICIOUS_MOVE = YES;
				CLANG_WARN_UNGUARDED_AVAILABILITY = YES_AGGRESSIVE;
				CLANG_WARN_UNREACHABLE_CODE = YES;
				CLANG_WARN__DUPLICATE_METHOD_MATCH = YES;
				COPY_PHASE_STRIP = NO;
				DEBUG_INFORMATION_FORMAT = "dwarf-with-dsym";
				ENABLE_NS_ASSERTIONS = NO;
				ENABLE_STRICT_OBJC_MSGSEND = YES;
				ENABLE_USER_SCRIPT_SANDBOXING = YES;
				GCC_C_LANGUAGE_STANDARD = gnu17;
				GCC_NO_COMMON_BLOCKS = YES;
				GCC_WARN_64_TO_32_BIT_CONVERSION = YES;
				GCC_WARN_ABOUT_RETURN_TYPE = YES_ERROR;
				GCC_WARN_UNDECLARED_SELECTOR = YES;
				GCC_WARN_UNINITIALIZED_AUTOS = YES_AGGRESSIVE;
				GCC_WARN_UNUSED_FUNCTION = YES;
				GCC_WARN_UNUSED_VARIABLE = YES;
				IPHONEOS_DEPLOYMENT_TARGET = 17.2;
				LOCALIZATION_PREFERS_STRING_CATALOGS = YES;
				MTL_ENABLE_DEBUG_INFO = NO;
				MTL_FAST_MATH = YES;
				SDKROOT = iphoneos;
				SWIFT_COMPILATION_MODE = wholemodule;
				VALIDATE_PRODUCT = YES;
			};
			name = Release;
		};
		4BBC891E2BD8FF9E0053DBAC /* Debug */ = {
			isa = XCBuildConfiguration;
			buildSettings = {
				ASSETCATALOG_COMPILER_APPICON_NAME = AppIcon;
				ASSETCATALOG_COMPILER_GLOBAL_ACCENT_COLOR_NAME = AccentColor;
				CODE_SIGN_STYLE = Automatic;
				CURRENT_PROJECT_VERSION = 1;
				DEVELOPMENT_ASSET_PATHS = "\"JeVis/Preview Content\"";
				DEVELOPMENT_TEAM = 5CCCQW7FJ8;
				ENABLE_PREVIEWS = YES;
				GENERATE_INFOPLIST_FILE = YES;
				INFOPLIST_KEY_UIApplicationSceneManifest_Generation = YES;
				INFOPLIST_KEY_UIApplicationSupportsIndirectInputEvents = YES;
				INFOPLIST_KEY_UILaunchScreen_Generation = YES;
				INFOPLIST_KEY_UISupportedInterfaceOrientations_iPad = "UIInterfaceOrientationPortrait UIInterfaceOrientationPortraitUpsideDown UIInterfaceOrientationLandscapeLeft UIInterfaceOrientationLandscapeRight";
				INFOPLIST_KEY_UISupportedInterfaceOrientations_iPhone = "UIInterfaceOrientationPortrait UIInterfaceOrientationLandscapeLeft UIInterfaceOrientationLandscapeRight";
				LD_RUNPATH_SEARCH_PATHS = (
					"$(inherited)",
					"@executable_path/Frameworks",
				);
				MARKETING_VERSION = 1.0;
				PRODUCT_BUNDLE_IDENTIFIER = "Haliza-Syafa.JeVis";
				PRODUCT_NAME = "$(TARGET_NAME)";
				SWIFT_EMIT_LOC_STRINGS = YES;
				SWIFT_VERSION = 5.0;
				TARGETED_DEVICE_FAMILY = "1,2";
			};
			name = Debug;
		};
		4BBC891F2BD8FF9E0053DBAC /* Release */ = {
			isa = XCBuildConfiguration;
			buildSettings = {
				ASSETCATALOG_COMPILER_APPICON_NAME = AppIcon;
				ASSETCATALOG_COMPILER_GLOBAL_ACCENT_COLOR_NAME = AccentColor;
				CODE_SIGN_STYLE = Automatic;
				CURRENT_PROJECT_VERSION = 1;
				DEVELOPMENT_ASSET_PATHS = "\"JeVis/Preview Content\"";
				DEVELOPMENT_TEAM = 5CCCQW7FJ8;
				ENABLE_PREVIEWS = YES;
				GENERATE_INFOPLIST_FILE = YES;
				INFOPLIST_KEY_UIApplicationSceneManifest_Generation = YES;
				INFOPLIST_KEY_UIApplicationSupportsIndirectInputEvents = YES;
				INFOPLIST_KEY_UILaunchScreen_Generation = YES;
				INFOPLIST_KEY_UISupportedInterfaceOrientations_iPad = "UIInterfaceOrientationPortrait UIInterfaceOrientationPortraitUpsideDown UIInterfaceOrientationLandscapeLeft UIInterfaceOrientationLandscapeRight";
				INFOPLIST_KEY_UISupportedInterfaceOrientations_iPhone = "UIInterfaceOrientationPortrait UIInterfaceOrientationLandscapeLeft UIInterfaceOrientationLandscapeRight";
				LD_RUNPATH_SEARCH_PATHS = (
					"$(inherited)",
					"@executable_path/Frameworks",
				);
				MARKETING_VERSION = 1.0;
				PRODUCT_BUNDLE_IDENTIFIER = "Haliza-Syafa.JeVis";
				PRODUCT_NAME = "$(TARGET_NAME)";
				SWIFT_EMIT_LOC_STRINGS = YES;
				SWIFT_VERSION = 5.0;
				TARGETED_DEVICE_FAMILY = "1,2";
			};
			name = Release;
		};
		4BBC89212BD8FF9E0053DBAC /* Debug */ = {
			isa = XCBuildConfiguration;
			buildSettings = {
				ALWAYS_EMBED_SWIFT_STANDARD_LIBRARIES = YES;
				BUNDLE_LOADER = "$(TEST_HOST)";
				CODE_SIGN_STYLE = Automatic;
				CURRENT_PROJECT_VERSION = 1;
				DEVELOPMENT_TEAM = 5CCCQW7FJ8;
				GENERATE_INFOPLIST_FILE = YES;
				IPHONEOS_DEPLOYMENT_TARGET = 17.2;
				MARKETING_VERSION = 1.0;
				PRODUCT_BUNDLE_IDENTIFIER = "Haliza-Syafa.JeVisTests";
				PRODUCT_NAME = "$(TARGET_NAME)";
				SWIFT_EMIT_LOC_STRINGS = NO;
				SWIFT_VERSION = 5.0;
				TARGETED_DEVICE_FAMILY = "1,2";
				TEST_HOST = "$(BUILT_PRODUCTS_DIR)/JeVis.app/$(BUNDLE_EXECUTABLE_FOLDER_PATH)/JeVis";
			};
			name = Debug;
		};
		4BBC89222BD8FF9E0053DBAC /* Release */ = {
			isa = XCBuildConfiguration;
			buildSettings = {
				ALWAYS_EMBED_SWIFT_STANDARD_LIBRARIES = YES;
				BUNDLE_LOADER = "$(TEST_HOST)";
				CODE_SIGN_STYLE = Automatic;
				CURRENT_PROJECT_VERSION = 1;
				DEVELOPMENT_TEAM = 5CCCQW7FJ8;
				GENERATE_INFOPLIST_FILE = YES;
				IPHONEOS_DEPLOYMENT_TARGET = 17.2;
				MARKETING_VERSION = 1.0;
				PRODUCT_BUNDLE_IDENTIFIER = "Haliza-Syafa.JeVisTests";
				PRODUCT_NAME = "$(TARGET_NAME)";
				SWIFT_EMIT_LOC_STRINGS = NO;
				SWIFT_VERSION = 5.0;
				TARGETED_DEVICE_FAMILY = "1,2";
				TEST_HOST = "$(BUILT_PRODUCTS_DIR)/JeVis.app/$(BUNDLE_EXECUTABLE_FOLDER_PATH)/JeVis";
			};
			name = Release;
		};
		4BBC89242BD8FF9E0053DBAC /* Debug */ = {
			isa = XCBuildConfiguration;
			buildSettings = {
				ALWAYS_EMBED_SWIFT_STANDARD_LIBRARIES = YES;
				CODE_SIGN_STYLE = Automatic;
				CURRENT_PROJECT_VERSION = 1;
				DEVELOPMENT_TEAM = 5CCCQW7FJ8;
				GENERATE_INFOPLIST_FILE = YES;
				MARKETING_VERSION = 1.0;
				PRODUCT_BUNDLE_IDENTIFIER = "Haliza-Syafa.JeVisUITests";
				PRODUCT_NAME = "$(TARGET_NAME)";
				SWIFT_EMIT_LOC_STRINGS = NO;
				SWIFT_VERSION = 5.0;
				TARGETED_DEVICE_FAMILY = "1,2";
				TEST_TARGET_NAME = JeVis;
			};
			name = Debug;
		};
		4BBC89252BD8FF9E0053DBAC /* Release */ = {
			isa = XCBuildConfiguration;
			buildSettings = {
				ALWAYS_EMBED_SWIFT_STANDARD_LIBRARIES = YES;
				CODE_SIGN_STYLE = Automatic;
				CURRENT_PROJECT_VERSION = 1;
				DEVELOPMENT_TEAM = 5CCCQW7FJ8;
				GENERATE_INFOPLIST_FILE = YES;
				MARKETING_VERSION = 1.0;
				PRODUCT_BUNDLE_IDENTIFIER = "Haliza-Syafa.JeVisUITests";
				PRODUCT_NAME = "$(TARGET_NAME)";
				SWIFT_EMIT_LOC_STRINGS = NO;
				SWIFT_VERSION = 5.0;
				TARGETED_DEVICE_FAMILY = "1,2";
				TEST_TARGET_NAME = JeVis;
			};
			name = Release;
		};
/* End XCBuildConfiguration section */

/* Begin XCConfigurationList section */
		4BBC88F42BD8FF9D0053DBAC /* Build configuration list for PBXProject "JeVis" */ = {
			isa = XCConfigurationList;
			buildConfigurations = (
				4BBC891B2BD8FF9E0053DBAC /* Debug */,
				4BBC891C2BD8FF9E0053DBAC /* Release */,
			);
			defaultConfigurationIsVisible = 0;
			defaultConfigurationName = Release;
		};
		4BBC891D2BD8FF9E0053DBAC /* Build configuration list for PBXNativeTarget "JeVis" */ = {
			isa = XCConfigurationList;
			buildConfigurations = (
				4BBC891E2BD8FF9E0053DBAC /* Debug */,
				4BBC891F2BD8FF9E0053DBAC /* Release */,
			);
			defaultConfigurationIsVisible = 0;
			defaultConfigurationName = Release;
		};
		4BBC89202BD8FF9E0053DBAC /* Build configuration list for PBXNativeTarget "JeVisTests" */ = {
			isa = XCConfigurationList;
			buildConfigurations = (
				4BBC89212BD8FF9E0053DBAC /* Debug */,
				4BBC89222BD8FF9E0053DBAC /* Release */,
			);
			defaultConfigurationIsVisible = 0;
			defaultConfigurationName = Release;
		};
		4BBC89232BD8FF9E0053DBAC /* Build configuration list for PBXNativeTarget "JeVisUITests" */ = {
			isa = XCConfigurationList;
			buildConfigurations = (
				4BBC89242BD8FF9E0053DBAC /* Debug */,
				4BBC89252BD8FF9E0053DBAC /* Release */,
			);
			defaultConfigurationIsVisible = 0;
			defaultConfigurationName = Release;
		};
/* End XCConfigurationList section */

/* Begin XCRemoteSwiftPackageReference section */
		4BAAC00E2BDA461B003A1D04 /* XCRemoteSwiftPackageReference "lottie-ios" */ = {
			isa = XCRemoteSwiftPackageReference;
			repositoryURL = "https://github.com/airbnb/lottie-ios.git";
			requirement = {
				kind = upToNextMajorVersion;
				minimumVersion = 4.4.3;
			};
		};
/* End XCRemoteSwiftPackageReference section */

/* Begin XCSwiftPackageProductDependency section */
		4BAAC00F2BDA461B003A1D04 /* Lottie */ = {
			isa = XCSwiftPackageProductDependency;
			package = 4BAAC00E2BDA461B003A1D04 /* XCRemoteSwiftPackageReference "lottie-ios" */;
			productName = Lottie;
		};
/* End XCSwiftPackageProductDependency section */
	};
	rootObject = 4BBC88F12BD8FF9D0053DBAC /* Project object */;
}
